
Microsoft Visual Studio Solution File, Format Version 12.00
# Visual Studio Version 17
VisualStudioVersion = 17.0.32112.339
MinimumVisualStudioVersion = 10.0.40219.1
Project("{FAE04EC0-301F-11D3-BF4B-00C04F79EFBC}") = "VisitorPattern", "VisitorPattern\VisitorPattern.csproj", "{F29947C3-6275-458C-A7EF-4751FD330009}"
EndProject
Global
	GlobalSection(SolutionConfigurationPlatforms) = preSolution
		Debug|Any CPU = Debug|Any CPU
		Release|Any CPU = Release|Any CPU
	EndGlobalSection
	GlobalSection(ProjectConfigurationPlatforms) = postSolution
		{F29947C3-6275-458C-A7EF-4751FD330009}.Debug|Any CPU.ActiveCfg = Debug|Any CPU
		{F29947C3-6275-458C-A7EF-4751FD330009}.Debug|Any CPU.Build.0 = Debug|Any CPU
		{F29947C3-6275-458C-A7EF-4751FD330009}.Release|Any CPU.ActiveCfg = Release|Any CPU
		{F29947C3-6275-458C-A7EF-4751FD330009}.Release|Any CPU.Build.0 = Release|Any CPU
	EndGlobalSection
	GlobalSection(SolutionProperties) = preSolution
		HideSolutionNode = FALSE
	EndGlobalSection
	GlobalSection(ExtensibilityGlobals) = postSolution
		SolutionGuid = {05ADFE16-1F15-4539-A766-2AE78B97064A}
	EndGlobalSection
EndGlobal
